
Microsoft Visual Studio Solution File, Format Version 12.00
# Visual Studio Version 17
VisualStudioVersion = 17.4.33103.184
MinimumVisualStudioVersion = 10.0.40219.1
Project("{FAE04EC0-301F-11D3-BF4B-00C04F79EFBC}") = "ConsoleApp1", "ConsoleApp1.csproj", "{E4538713-C176-44B0-8886-737449B881A3}"
EndProject
Global
	GlobalSection(SolutionConfigurationPlatforms) = preSolution
		Debug|Any CPU = Debug|Any CPU
		Release|Any CPU = Release|Any CPU
	EndGlobalSection
	GlobalSection(ProjectConfigurationPlatforms) = postSolution
		{E4538713-C176-44B0-8886-737449B881A3}.Debug|Any CPU.ActiveCfg = Debug|Any CPU
		{E4538713-C176-44B0-8886-737449B881A3}.Debug|Any CPU.Build.0 = Debug|Any CPU
		{E4538713-C176-44B0-8886-737449B881A3}.Release|Any CPU.ActiveCfg = Release|Any CPU
		{E4538713-C176-44B0-8886-737449B881A3}.Release|Any CPU.Build.0 = Release|Any CPU
	EndGlobalSection
	GlobalSection(SolutionProperties) = preSolution
		HideSolutionNode = FALSE
	EndGlobalSection
	GlobalSection(ExtensibilityGlobals) = postSolution
		SolutionGuid = {58056B76-6AFA-44E8-890D-2F4604DEAC3F}
	EndGlobalSection
EndGlobal
